
Microsoft Visual Studio Solution File, Format Version 12.00
# Visual Studio Version 17
VisualStudioVersion = 17.7.34024.191
MinimumVisualStudioVersion = 10.0.40219.1
Project("{FAE04EC0-301F-11D3-BF4B-00C04F79EFBC}") = "Spendyze", "Spendyze\Spendyze.csproj", "{F4FFD443-4F6C-4497-A202-98495D4E552D}"
EndProject
Global
	GlobalSection(SolutionConfigurationPlatforms) = preSolution
		Debug|Any CPU = Debug|Any CPU
		Release|Any CPU = Release|Any CPU
	EndGlobalSection
	GlobalSection(ProjectConfigurationPlatforms) = postSolution
		{F4FFD443-4F6C-4497-A202-98495D4E552D}.Debug|Any CPU.ActiveCfg = Debug|Any CPU
		{F4FFD443-4F6C-4497-A202-98495D4E552D}.Debug|Any CPU.Build.0 = Debug|Any CPU
		{F4FFD443-4F6C-4497-A202-98495D4E552D}.Release|Any CPU.ActiveCfg = Release|Any CPU
		{F4FFD443-4F6C-4497-A202-98495D4E552D}.Release|Any CPU.Build.0 = Release|Any CPU
	EndGlobalSection
	GlobalSection(SolutionProperties) = preSolution
		HideSolutionNode = FALSE
	EndGlobalSection
	GlobalSection(ExtensibilityGlobals) = postSolution
		SolutionGuid = {8BDEB7E6-9CA8-4D40-9991-39A07714DADF}
	EndGlobalSection
EndGlobal
